
Microsoft Visual Studio Solution File, Format Version 12.00
# Visual Studio Version 16
VisualStudioVersion = 16.0.31229.75
MinimumVisualStudioVersion = 10.0.40219.1
Project("{9A19103F-16F7-4668-BE54-9A1E7A4F7556}") = "ServerRequestTestLibrary", "ServerRequestTestLibrary\ServerRequestTestLibrary.csproj", "{857D546B-48EF-4789-BF89-F784B65D3573}"
EndProject
Project("{9A19103F-16F7-4668-BE54-9A1E7A4F7556}") = "ConsoleServerRequestTest", "ConsoleServerRequestTest\ConsoleServerRequestTest.csproj", "{B4B67104-9AE6-4CEA-8872-38A0B0E0EF4C}"
	ProjectSection(ProjectDependencies) = postProject
		{857D546B-48EF-4789-BF89-F784B65D3573} = {857D546B-48EF-4789-BF89-F784B65D3573}
	EndProjectSection
EndProject
Global
	GlobalSection(SolutionConfigurationPlatforms) = preSolution
		Debug|Any CPU = Debug|Any CPU
		Release|Any CPU = Release|Any CPU
	EndGlobalSection
	GlobalSection(ProjectConfigurationPlatforms) = postSolution
		{857D546B-48EF-4789-BF89-F784B65D3573}.Debug|Any CPU.ActiveCfg = Debug|Any CPU
		{857D546B-48EF-4789-BF89-F784B65D3573}.Debug|Any CPU.Build.0 = Debug|Any CPU
		{857D546B-48EF-4789-BF89-F784B65D3573}.Release|Any CPU.ActiveCfg = Release|Any CPU
		{857D546B-48EF-4789-BF89-F784B65D3573}.Release|Any CPU.Build.0 = Release|Any CPU
		{B4B67104-9AE6-4CEA-8872-38A0B0E0EF4C}.Debug|Any CPU.ActiveCfg = Debug|Any CPU
		{B4B67104-9AE6-4CEA-8872-38A0B0E0EF4C}.Debug|Any CPU.Build.0 = Debug|Any CPU
		{B4B67104-9AE6-4CEA-8872-38A0B0E0EF4C}.Release|Any CPU.ActiveCfg = Release|Any CPU
		{B4B67104-9AE6-4CEA-8872-38A0B0E0EF4C}.Release|Any CPU.Build.0 = Release|Any CPU
	EndGlobalSection
	GlobalSection(SolutionProperties) = preSolution
		HideSolutionNode = FALSE
	EndGlobalSection
	GlobalSection(ExtensibilityGlobals) = postSolution
		SolutionGuid = {8077CA8F-1151-45DF-BCDF-F84437A6AA6A}
	EndGlobalSection
EndGlobal
